
Microsoft Visual Studio Solution File, Format Version 12.00
# Visual Studio Version 16
VisualStudioVersion = 16.0.29318.209
MinimumVisualStudioVersion = 10.0.40219.1
Project("{8BC9CEB8-8B4A-11D0-8D11-00A0C91BC942}") = "MemToExe", "MemToExe\MemToExe.vcxproj", "{19E03802-3306-47F8-AC86-9C92979D235B}"
EndProject
Project("{8BC9CEB8-8B4A-11D0-8D11-00A0C91BC942}") = "mtfcore", "mtfcore\mtfcore.vcxproj", "{2C2F17E8-6FC3-40AB-9EB7-038C74561971}"
EndProject
Project("{FAE04EC0-301F-11D3-BF4B-00C04F79EFBC}") = "MsgMonitor", "MsgMonitor\MsgMonitor.csproj", "{9E43674B-A10C-4E02-AF85-B0D2CBB3BF45}"
EndProject
Global
	GlobalSection(SolutionConfigurationPlatforms) = preSolution
		Debug|Any CPU = Debug|Any CPU
		Debug|x64 = Debug|x64
		Debug|x86 = Debug|x86
		Release|Any CPU = Release|Any CPU
		Release|x64 = Release|x64
		Release|x86 = Release|x86
	EndGlobalSection
	GlobalSection(ProjectConfigurationPlatforms) = postSolution
		{19E03802-3306-47F8-AC86-9C92979D235B}.Debug|Any CPU.ActiveCfg = Debug|Win32
		{19E03802-3306-47F8-AC86-9C92979D235B}.Debug|x64.ActiveCfg = Debug|x64
		{19E03802-3306-47F8-AC86-9C92979D235B}.Debug|x64.Build.0 = Debug|x64
		{19E03802-3306-47F8-AC86-9C92979D235B}.Debug|x86.ActiveCfg = Debug|Win32
		{19E03802-3306-47F8-AC86-9C92979D235B}.Debug|x86.Build.0 = Debug|Win32
		{19E03802-3306-47F8-AC86-9C92979D235B}.Release|Any CPU.ActiveCfg = Release|Win32
		{19E03802-3306-47F8-AC86-9C92979D235B}.Release|x64.ActiveCfg = Release|x64
		{19E03802-3306-47F8-AC86-9C92979D235B}.Release|x64.Build.0 = Release|x64
		{19E03802-3306-47F8-AC86-9C92979D235B}.Release|x86.ActiveCfg = Release|Win32
		{19E03802-3306-47F8-AC86-9C92979D235B}.Release|x86.Build.0 = Release|Win32
		{2C2F17E8-6FC3-40AB-9EB7-038C74561971}.Debug|Any CPU.ActiveCfg = Debug|Win32
		{2C2F17E8-6FC3-40AB-9EB7-038C74561971}.Debug|x64.ActiveCfg = Debug|x64
		{2C2F17E8-6FC3-40AB-9EB7-038C74561971}.Debug|x64.Build.0 = Debug|x64
		{2C2F17E8-6FC3-40AB-9EB7-038C74561971}.Debug|x86.ActiveCfg = Debug|Win32
		{2C2F17E8-6FC3-40AB-9EB7-038C74561971}.Debug|x86.Build.0 = Debug|Win32
		{2C2F17E8-6FC3-40AB-9EB7-038C74561971}.Release|Any CPU.ActiveCfg = Release|Win32
		{2C2F17E8-6FC3-40AB-9EB7-038C74561971}.Release|x64.ActiveCfg = Release|x64
		{2C2F17E8-6FC3-40AB-9EB7-038C74561971}.Release|x64.Build.0 = Release|x64
		{2C2F17E8-6FC3-40AB-9EB7-038C74561971}.Release|x86.ActiveCfg = Release|Win32
		{2C2F17E8-6FC3-40AB-9EB7-038C74561971}.Release|x86.Build.0 = Release|Win32
		{9E43674B-A10C-4E02-AF85-B0D2CBB3BF45}.Debug|Any CPU.ActiveCfg = Debug|Any CPU
		{9E43674B-A10C-4E02-AF85-B0D2CBB3BF45}.Debug|Any CPU.Build.0 = Debug|Any CPU
		{9E43674B-A10C-4E02-AF85-B0D2CBB3BF45}.Debug|x64.ActiveCfg = Debug|Any CPU
		{9E43674B-A10C-4E02-AF85-B0D2CBB3BF45}.Debug|x64.Build.0 = Debug|Any CPU
		{9E43674B-A10C-4E02-AF85-B0D2CBB3BF45}.Debug|x86.ActiveCfg = Debug|Any CPU
		{9E43674B-A10C-4E02-AF85-B0D2CBB3BF45}.Debug|x86.Build.0 = Debug|Any CPU
		{9E43674B-A10C-4E02-AF85-B0D2CBB3BF45}.Release|Any CPU.ActiveCfg = Release|Any CPU
		{9E43674B-A10C-4E02-AF85-B0D2CBB3BF45}.Release|Any CPU.Build.0 = Release|Any CPU
		{9E43674B-A10C-4E02-AF85-B0D2CBB3BF45}.Release|x64.ActiveCfg = Release|Any CPU
		{9E43674B-A10C-4E02-AF85-B0D2CBB3BF45}.Release|x64.Build.0 = Release|Any CPU
		{9E43674B-A10C-4E02-AF85-B0D2CBB3BF45}.Release|x86.ActiveCfg = Release|Any CPU
		{9E43674B-A10C-4E02-AF85-B0D2CBB3BF45}.Release|x86.Build.0 = Release|Any CPU
	EndGlobalSection
	GlobalSection(SolutionProperties) = preSolution
		HideSolutionNode = FALSE
	EndGlobalSection
	GlobalSection(ExtensibilityGlobals) = postSolution
		SolutionGuid = {1AAB6164-D531-4CC9-8E7D-759079B3D692}
	EndGlobalSection
EndGlobal
